
Microsoft Visual Studio Solution File, Format Version 12.00
# Visual Studio 14
VisualStudioVersion = 14.0.23107.0
MinimumVisualStudioVersion = 10.0.40219.1
Project("{8BC9CEB8-8B4A-11D0-8D11-00A0C91BC942}") = "Test", "Test\Test.vcxproj", "{CFD4DE3D-A485-402B-A0C0-7D5E070BD030}"
EndProject
Global
	GlobalSection(SolutionConfigurationPlatforms) = preSolution
		Debug|Win32 = Debug|Win32
		Release|Win32 = Release|Win32
	EndGlobalSection
	GlobalSection(ProjectConfigurationPlatforms) = postSolution
		{CFD4DE3D-A485-402B-A0C0-7D5E070BD030}.Debug|Win32.ActiveCfg = Debug|Win32
		{CFD4DE3D-A485-402B-A0C0-7D5E070BD030}.Debug|Win32.Build.0 = Debug|Win32
		{CFD4DE3D-A485-402B-A0C0-7D5E070BD030}.Release|Win32.ActiveCfg = Release|Win32
		{CFD4DE3D-A485-402B-A0C0-7D5E070BD030}.Release|Win32.Build.0 = Release|Win32
	EndGlobalSection
	GlobalSection(SolutionProperties) = preSolution
		HideSolutionNode = FALSE
	EndGlobalSection
EndGlobal
